// !$*UTF8*$!
{
	archiveVersion = 1;
	classes = {
	};
	objectVersion = 46;
	objects = {

/* Begin PBXBuildFile section */
		59DB37051D6BC647001F70C4 /* AppDelegate.swift in Sources */ = {isa = PBXBuildFile; fileRef = 59DB37041D6BC647001F70C4 /* AppDelegate.swift */; };
		59DB37071D6BC647001F70C4 /* ViewController.swift in Sources */ = {isa = PBXBuildFile; fileRef = 59DB37061D6BC647001F70C4 /* ViewController.swift */; };
		59DB370A1D6BC647001F70C4 /* Main.storyboard in Resources */ = {isa = PBXBuildFile; fileRef = 59DB37081D6BC647001F70C4 /* Main.storyboard */; };
		59DB370C1D6BC647001F70C4 /* Assets.xcassets in Resources */ = {isa = PBXBuildFile; fileRef = 59DB370B1D6BC647001F70C4 /* Assets.xcassets */; };
		59DB370F1D6BC647001F70C4 /* LaunchScreen.storyboard in Resources */ = {isa = PBXBuildFile; fileRef = 59DB370D1D6BC647001F70C4 /* LaunchScreen.storyboard */; };
/* End PBXBuildFile section */

/* Begin PBXFileReference section */
		59DB37011D6BC646001F70C4 /* MemeMe.app */ = {isa = PBXFileReference; explicitFileType = wrapper.application; includeInIndex = 0; path = MemeMe.app; sourceTree = BUILT_PRODUCTS_DIR; };
		59DB37041D6BC647001F70C4 /* AppDelegate.swift */ = {isa = PBXFileReference; lastKnownFileType = sourcecode.swift; path = AppDelegate.swift; sourceTree = "<group>"; };
		59DB37061D6BC647001F70C4 /* ViewController.swift */ = {isa = PBXFileReference; lastKnownFileType = sourcecode.swift; path = ViewController.swift; sourceTree = "<group>"; };
		59DB37091D6BC647001F70C4 /* Base */ = {isa = PBXFileReference; lastKnownFileType = file.storyboard; name = Base; path = Base.lproj/Main.storyboard; sourceTree = "<group>"; };
		59DB370B1D6BC647001F70C4 /* Assets.xcassets */ = {isa = PBXFileReference; lastKnownFileType = folder.assetcatalog; path = Assets.xcassets; sourceTree = "<group>"; };
		59DB370E1D6BC647001F70C4 /* Base */ = {isa = PBXFileReference; lastKnownFileType = file.storyboard; name = Base; path = Base.lproj/LaunchScreen.storyboard; sourceTree = "<group>"; };
		59DB37101D6BC647001F70C4 /* Info.plist */ = {isa = PBXFileReference; lastKnownFileType = text.plist.xml; path = Info.plist; sourceTree = "<group>"; };
/* End PBXFileReference section */

/* Begin PBXFrameworksBuildPhase section */
		59DB36FE1D6BC646001F70C4 /* Frameworks */ = {
			isa = PBXFrameworksBuildPhase;
			buildActionMask = 2147483647;
			files = (
			);
			runOnlyForDeploymentPostprocessing = 0;
		};
/* End PBXFrameworksBuildPhase section */

/* Begin PBXGroup section */
		59DB36F81D6BC646001F70C4 = {
			isa = PBXGroup;
			children = (
				59DB37031D6BC647001F70C4 /* MemeMe */,
				59DB37021D6BC646001F70C4 /* Products */,
			);
			sourceTree = "<group>";
		};
		59DB37021D6BC646001F70C4 /* Products */ = {
			isa = PBXGroup;
			children = (
				59DB37011D6BC646001F70C4 /* MemeMe.app */,
			);
			name = Products;
			sourceTree = "<group>";
		};
		59DB37031D6BC647001F70C4 /* MemeMe */ = {
			isa = PBXGroup;
			children = (
				59DB37041D6BC647001F70C4 /* AppDelegate.swift */,
				59DB37061D6BC647001F70C4 /* ViewController.swift */,
				59DB37081D6BC647001F70C4 /* Main.storyboard */,
				59DB370B1D6BC647001F70C4 /* Assets.xcassets */,
				59DB370D1D6BC647001F70C4 /* LaunchScreen.storyboard */,
				59DB37101D6BC647001F70C4 /* Info.plist */,
			);
			path = MemeMe;
			sourceTree = "<group>";
		};
/* End PBXGroup section */

/* Begin PBXNativeTarget section */
		59DB37001D6BC646001F70C4 /* MemeMe */ = {
			isa = PBXNativeTarget;
			buildConfigurationList = 59DB37131D6BC647001F70C4 /* Build configuration list for PBXNativeTarget "MemeMe" */;
			buildPhases = (
				59DB36FD1D6BC646001F70C4 /* Sources */,
				59DB36FE1D6BC646001F70C4 /* Frameworks */,
				59DB36FF1D6BC646001F70C4 /* Resources */,
			);
			buildRules = (
			);
			dependencies = (
			);
			name = MemeMe;
			productName = MemeMe;
			productReference = 59DB37011D6BC646001F70C4 /* MemeMe.app */;
			productType = "com.apple.product-type.application";
		};
/* End PBXNativeTarget section */

/* Begin PBXProject section */
		59DB36F91D6BC646001F70C4 /* Project object */ = {
			isa = PBXProject;
			attributes = {
				LastSwiftUpdateCheck = 0730;
				LastUpgradeCheck = 0730;
				ORGANIZATIONNAME = Tulio;
				TargetAttributes = {
					59DB37001D6BC646001F70C4 = {
						CreatedOnToolsVersion = 7.3.1;
						DevelopmentTeam = THY342W7AK;
					};
				};
			};
			buildConfigurationList = 59DB36FC1D6BC646001F70C4 /* Build configuration list for PBXProject "MemeMe" */;
			compatibilityVersion = "Xcode 3.2";
			developmentRegion = English;
			hasScannedForEncodings = 0;
			knownRegions = (
				en,
				Base,
			);
			mainGroup = 59DB36F81D6BC646001F70C4;
			productRefGroup = 59DB37021D6BC646001F70C4 /* Products */;
			projectDirPath = "";
			projectRoot = "";
			targets = (
				59DB37001D6BC646001F70C4 /* MemeMe */,
			);
		};
/* End PBXProject section */

/* Begin PBXResourcesBuildPhase section */
		59DB36FF1D6BC646001F70C4 /* Resources */ = {
			isa = PBXResourcesBuildPhase;
			buildActionMask = 2147483647;
			files = (
				59DB370F1D6BC647001F70C4 /* LaunchScreen.storyboard in Resources */,
				59DB370C1D6BC647001F70C4 /* Assets.xcassets in Resources */,
				59DB370A1D6BC647001F70C4 /* Main.storyboard in Resources */,
			);
			runOnlyForDeploymentPostprocessing = 0;
		};
/* End PBXResourcesBuildPhase section */

/* Begin PBXSourcesBuildPhase section */
		59DB36FD1D6BC646001F70C4 /* Sources */ = {
			isa = PBXSourcesBuildPhase;
			buildActionMask = 2147483647;
			files = (
				59DB37071D6BC647001F70C4 /* ViewController.swift in Sources */,
				59DB37051D6BC647001F70C4 /* AppDelegate.swift in Sources */,
			);
			runOnlyForDeploymentPostprocessing = 0;
		};
/* End PBXSourcesBuildPhase section */

/* Begin PBXVariantGroup section */
		59DB37081D6BC647001F70C4 /* Main.storyboard */ = {
			isa = PBXVariantGroup;
			children = (
				59DB37091D6BC647001F70C4 /* Base */,
			);
			name = Main.storyboard;
			sourceTree = "<group>";
		};
		59DB370D1D6BC647001F70C4 /* LaunchScreen.storyboard */ = {
			isa = PBXVariantGroup;
			children = (
				59DB370E1D6BC647001F70C4 /* Base */,
			);
			name = LaunchScreen.storyboard;
			sourceTree = "<group>";
		};
/* End PBXVariantGroup section */

/* Begin XCBuildConfiguration section */
		59DB37111D6BC647001F70C4 /* Debug */ = {
			isa = XCBuildConfiguration;
			buildSettings = {
				ALWAYS_SEARCH_USER_PATHS = NO;
				CLANG_ANALYZER_NONNULL = YES;
				CLANG_CXX_LANGUAGE_STANDARD = "gnu++0x";
				CLANG_CXX_LIBRARY = "libc++";
				CLANG_ENABLE_MODULES = YES;
				CLANG_ENABLE_OBJC_ARC = YES;
				CLANG_WARN_BOOL_CONVERSION = YES;
				CLANG_WARN_CONSTANT_CONVERSION = YES;
				CLANG_WARN_DIRECT_OBJC_ISA_USAGE = YES_ERROR;
				CLANG_WARN_EMPTY_BODY = YES;
				CLANG_WARN_ENUM_CONVERSION = YES;
				CLANG_WARN_INT_CONVERSION = YES;
				CLANG_WARN_OBJC_ROOT_CLASS = YES_ERROR;
				CLANG_WARN_UNREACHABLE_CODE = YES;
				CLANG_WARN__DUPLICATE_METHOD_MATCH = YES;
				"CODE_SIGN_IDENTITY[sdk=iphoneos*]" = "iPhone Developer";
				COPY_PHASE_STRIP = NO;
				DEBUG_INFORMATION_FORMAT = dwarf;
				ENABLE_STRICT_OBJC_MSGSEND = YES;
				ENABLE_TESTABILITY = YES;
				GCC_C_LANGUAGE_STANDARD = gnu99;
				GCC_DYNAMIC_NO_PIC = NO;
				GCC_NO_COMMON_BLOCKS = YES;
				GCC_OPTIMIZATION_LEVEL = 0;
				GCC_PREPROCESSOR_DEFINITIONS = (
					"DEBUG=1",
					"$(inherited)",
				);
				GCC_WARN_64_TO_32_BIT_CONVERSION = YES;
				GCC_WARN_ABOUT_RETURN_TYPE = YES_ERROR;
				GCC_WARN_UNDECLARED_SELECTOR = YES;
				GCC_WARN_UNINITIALIZED_AUTOS = YES_AGGRESSIVE;
				GCC_WARN_UNUSED_FUNCTION = YES;
				GCC_WARN_UNUSED_VARIABLE = YES;
				IPHONEOS_DEPLOYMENT_TARGET = 9.3;
				MTL_ENABLE_DEBUG_INFO = YES;
				ONLY_ACTIVE_ARCH = YES;
				SDKROOT = iphoneos;
				SWIFT_OPTIMIZATION_LEVEL = "-Onone";
			};
			name = Debug;
		};
		59DB37121D6BC647001F70C4 /* Release */ = {
			isa = XCBuildConfiguration;
			buildSettings = {
				ALWAYS_SEARCH_USER_PATHS = NO;
				CLANG_ANALYZER_NONNULL = YES;
				CLANG_CXX_LANGUAGE_STANDARD = "gnu++0x";
				CLANG_CXX_LIBRARY = "libc++";
				CLANG_ENABLE_MODULES = YES;
				CLANG_ENABLE_OBJC_ARC = YES;
				CLANG_WARN_BOOL_CONVERSION = YES;
				CLANG_WARN_CONSTANT_CONVERSION = YES;
				CLANG_WARN_DIRECT_OBJC_ISA_USAGE = YES_ERROR;
				CLANG_WARN_EMPTY_BODY = YES;
				CLANG_WARN_ENUM_CONVERSION = YES;
				CLANG_WARN_INT_CONVERSION = YES;
				CLANG_WARN_OBJC_ROOT_CLASS = YES_ERROR;
				CLANG_WARN_UNREACHABLE_CODE = YES;
				CLANG_WARN__DUPLICATE_METHOD_MATCH = YES;
				"CODE_SIGN_IDENTITY[sdk=iphoneos*]" = "iPhone Developer";
				COPY_PHASE_STRIP = NO;
				DEBUG_INFORMATION_FORMAT = "dwarf-with-dsym";
				ENABLE_NS_ASSERTIONS = NO;
				ENABLE_STRICT_OBJC_MSGSEND = YES;
				GCC_C_LANGUAGE_STANDARD = gnu99;
				GCC_NO_COMMON_BLOCKS = YES;
				GCC_WARN_64_TO_32_BIT_CONVERSION = YES;
				GCC_WARN_ABOUT_RETURN_TYPE = YES_ERROR;
				GCC_WARN_UNDECLARED_SELECTOR = YES;
				GCC_WARN_UNINITIALIZED_AUTOS = YES_AGGRESSIVE;
				GCC_WARN_UNUSED_FUNCTION = YES;
				GCC_WARN_UNUSED_VARIABLE = YES;
				IPHONEOS_DEPLOYMENT_TARGET = 9.3;
				MTL_ENABLE_DEBUG_INFO = NO;
				SDKROOT = iphoneos;
				VALIDATE_PRODUCT = YES;
			};
			name = Release;
		};
		59DB37141D6BC647001F70C4 /* Debug */ = {
			isa = XCBuildConfiguration;
			buildSettings = {
				ASSETCATALOG_COMPILER_APPICON_NAME = AppIcon;
				CODE_SIGN_IDENTITY = "iPhone Developer";
				INFOPLIST_FILE = MemeMe/Info.plist;
				LD_RUNPATH_SEARCH_PATHS = "$(inherited) @executable_path/Frameworks";
				PRODUCT_BUNDLE_IDENTIFIER = com.tulio.MemeMe;
				PRODUCT_NAME = "$(TARGET_NAME)";
			};
			name = Debug;
		};
		59DB37151D6BC647001F70C4 /* Release */ = {
			isa = XCBuildConfiguration;
			buildSettings = {
				ASSETCATALOG_COMPILER_APPICON_NAME = AppIcon;
				CODE_SIGN_IDENTITY = "iPhone Developer";
				INFOPLIST_FILE = MemeMe/Info.plist;
				LD_RUNPATH_SEARCH_PATHS = "$(inherited) @executable_path/Frameworks";
				PRODUCT_BUNDLE_IDENTIFIER = com.tulio.MemeMe;
				PRODUCT_NAME = "$(TARGET_NAME)";
			};
			name = Release;
		};
/* End XCBuildConfiguration section */

/* Begin XCConfigurationList section */
		59DB36FC1D6BC646001F70C4 /* Build configuration list for PBXProject "MemeMe" */ = {
			isa = XCConfigurationList;
			buildConfigurations = (
				59DB37111D6BC647001F70C4 /* Debug */,
				59DB37121D6BC647001F70C4 /* Release */,
			);
			defaultConfigurationIsVisible = 0;
			defaultConfigurationName = Release;
		};
		59DB37131D6BC647001F70C4 /* Build configuration list for PBXNativeTarget "MemeMe" */ = {
			isa = XCConfigurationList;
			buildConfigurations = (
				59DB37141D6BC647001F70C4 /* Debug */,
				59DB37151D6BC647001F70C4 /* Release */,
			);
			defaultConfigurationIsVisible = 0;
		};
/* End XCConfigurationList section */
	};
	rootObject = 59DB36F91D6BC646001F70C4 /* Project object */;
}
